{
  "name": "wren-tts",
  "lockfileVersion": 3,
  "requires": true,
  "packages": {
    "": {
      "dependencies": {
        "@fallow-cli/fallow-node": "^2.48.0"
      },
      "devDependencies": {
        "fallow": "^2.48.0"
      }
    },
    "node_modules/@fallow-cli/darwin-arm64": {
      "version": "2.48.0",
      "resolved": "https://registry.npmjs.org/@fallow-cli/darwin-arm64/-/darwin-arm64-2.48.0.tgz",
      "integrity": "sha512-rjlpcPDbf5JdEX4H5zb+UbrMaBVVW6hnOAuA3RlzRrYkRy86k0LLpemiPulo80xwF0VK8i7mYXmk/fQf5Y79GQ==",
      "cpu": [
        "arm64"
      ],
      "dev": true,
      "license": "MIT",
      "optional": true,
      "os": [
        "darwin"
      ]
    },
    "node_modules/@fallow-cli/darwin-x64": {
      "version": "2.48.0",
      "resolved": "https://registry.npmjs.org/@fallow-cli/darwin-x64/-/darwin-x64-2.48.0.tgz",
      "integrity": "sha512-CZGjXEtINYuG4dN7YnWfhlzPJkCvAmVodSTIDLjwXab1ABZPf80xPYNH9v5U7kXw3S3H1iPL6wFXjXBVRkxZTA==",
      "cpu": [
        "x64"
      ],
      "dev": true,
      "license": "MIT",
      "optional": true,
      "os": [
        "darwin"
      ]
    },
    "node_modules/@fallow-cli/fallow-node": {
      "version": "2.48.0",
      "resolved": "https://registry.npmjs.org/@fallow-cli/fallow-node/-/fallow-node-2.48.0.tgz",
      "integrity": "sha512-ZAenLP4Uh5dInANmPo6qMh5t8oaTPxMKEDExBoo8R9gK6IO4zKi5q+W6Wv7cjO8O8hvjklJVEvPIuoGlZgzxqg==",
      "license": "MIT",
      "engines": {
        "node": ">=18"
      },
      "optionalDependencies": {
        "@fallow-cli/fallow-node-darwin-arm64": "2.48.0",
        "@fallow-cli/fallow-node-darwin-x64": "2.48.0",
        "@fallow-cli/fallow-node-linux-arm64-gnu": "2.48.0",
        "@fallow-cli/fallow-node-linux-arm64-musl": "2.48.0",
        "@fallow-cli/fallow-node-linux-x64-gnu": "2.48.0",
        "@fallow-cli/fallow-node-linux-x64-musl": "2.48.0",
        "@fallow-cli/fallow-node-win32-arm64-msvc": "2.48.0",
        "@fallow-cli/fallow-node-win32-x64-msvc": "2.48.0"
      }
    },
    "node_modules/@fallow-cli/fallow-node-darwin-arm64": {
      "version": "2.48.0",
      "resolved": "https://registry.npmjs.org/@fallow-cli/fallow-node-darwin-arm64/-/fallow-node-darwin-arm64-2.48.0.tgz",
      "integrity": "sha512-wgLDlSavXwEBLxLAT63iuznMoVdUk5l9qkKRv12QqXlyM/2uFjJ+6JR5+YgBvLasVC4TpTU1RacEkMReBOgYHA==",
      "cpu": [
        "arm64"
      ],
      "license": "MIT",
      "optional": true,
      "os": [
        "darwin"
      ],
      "engines": {
        "node": ">=18"
      }
    },
    "node_modules/@fallow-cli/fallow-node-darwin-x64": {
      "version": "2.48.0",
      "resolved": "https://registry.npmjs.org/@fallow-cli/fallow-node-darwin-x64/-/fallow-node-darwin-x64-2.48.0.tgz",
      "integrity": "sha512-fvfbsxek6txzuQdlBoAIPBqRNuQ1o4Pi2Wuee/fXEebACAd98G0pIEI8QNh7ZXmNY11vogtzhInLznXBYIUACg==",
      "cpu": [
        "x64"
      ],
      "license": "MIT",
      "optional": true,
      "os": [
        "darwin"
      ],
      "engines": {
        "node": ">=18"
      }
    },
    "node_modules/@fallow-cli/fallow-node-linux-arm64-gnu": {
      "version": "2.48.0",
      "resolved": "https://registry.npmjs.org/@fallow-cli/fallow-node-linux-arm64-gnu/-/fallow-node-linux-arm64-gnu-2.48.0.tgz",
      "integrity": "sha512-Gzel4euf+hhpoDrh41oUWM4HhoYf5aGlEtW2KECmFCGQr/tirp2AIRy/FOIWXmgBmuwI2ftGCq3kAvpB9DwG3w==",
      "cpu": [
        "arm64"
      ],
      "license": "MIT",
      "optional": true,
      "os": [
        "linux"
      ],
      "engines": {
        "node": ">=18"
      }
    },
    "node_modules/@fallow-cli/fallow-node-linux-arm64-musl": {
      "version": "2.48.0",
      "resolved": "https://registry.npmjs.org/@fallow-cli/fallow-node-linux-arm64-musl/-/fallow-node-linux-arm64-musl-2.48.0.tgz",
      "integrity": "sha512-6Ei6Bp66Ei+Bk3TrdTMs2hFWPCgAkfjLNauG8rIEYYLX/gonhP0758e4MiQrOUsnd7J1wUTVKnRSgyDho2x9/g==",
      "cpu": [
        "arm64"
      ],
      "license": "MIT",
      "optional": true,
      "os": [
        "linux"
      ],
      "engines": {
        "node": ">=18"
      }
    },
    "node_modules/@fallow-cli/fallow-node-linux-x64-gnu": {
      "version": "2.48.0",
      "resolved": "https://registry.npmjs.org/@fallow-cli/fallow-node-linux-x64-gnu/-/fallow-node-linux-x64-gnu-2.48.0.tgz",
      "integrity": "sha512-LzaVwiH3SdnmALeSdNyMgNY0KrkAkviCZHc7wrntpUCBBEIFQYLqt94D3xTPHiUFtGU9nRjpPtsIIzVcGS3Lnw==",
      "cpu": [
        "x64"
      ],
      "license": "MIT",
      "optional": true,
      "os": [
        "linux"
      ],
      "engines": {
        "node": ">=18"
      }
    },
    "node_modules/@fallow-cli/fallow-node-linux-x64-musl": {
      "version": "2.48.0",
      "resolved": "https://registry.npmjs.org/@fallow-cli/fallow-node-linux-x64-musl/-/fallow-node-linux-x64-musl-2.48.0.tgz",
      "integrity": "sha512-fpgr2ytmYNwV45qDCKnHxxwFvxLpPePAmIwx5Z85lvLNca4RnYsqKdqNbrfQRoRqNWCLHr4Vu2d922hqF+cNOg==",
      "cpu": [
        "x64"
      ],
      "license": "MIT",
      "optional": true,
      "os": [
        "linux"
      ],
      "engines": {
        "node": ">=18"
      }
    },
    "node_modules/@fallow-cli/fallow-node-win32-arm64-msvc": {
      "version": "2.48.0",
      "resolved": "https://registry.npmjs.org/@fallow-cli/fallow-node-win32-arm64-msvc/-/fallow-node-win32-arm64-msvc-2.48.0.tgz",
      "integrity": "sha512-SKh+IluyWJXj+D0OMS4L1b3TM8yuph7wqLt86XS8ZB4IRQgEGfjVRgPphbkHG/MR2MgN9393V4A6AITr2+/cZQ==",
      "cpu": [
        "arm64"
      ],
      "license": "MIT",
      "optional": true,
      "os": [
        "win32"
      ],
      "engines": {
        "node": ">=18"
      }
    },
    "node_modules/@fallow-cli/fallow-node-win32-x64-msvc": {
      "version": "2.48.0",
      "resolved": "https://registry.npmjs.org/@fallow-cli/fallow-node-win32-x64-msvc/-/fallow-node-win32-x64-msvc-2.48.0.tgz",
      "integrity": "sha512-e0BDn+DDERH4IRZPTTy/FyuUe1B5o7Pt+U01qvG6+H+rNDtfApzv+YAluJXPpWBporrWkfqHW8nJ+r749Bqwow==",
      "cpu": [
        "x64"
      ],
      "license": "MIT",
      "optional": true,
      "os": [
        "win32"
      ],
      "engines": {
        "node": ">=18"
      }
    },
    "node_modules/@fallow-cli/linux-arm64-gnu": {
      "version": "2.48.0",
      "resolved": "https://registry.npmjs.org/@fallow-cli/linux-arm64-gnu/-/linux-arm64-gnu-2.48.0.tgz",
      "integrity": "sha512-65gHOhSlFcjD3LbQTKmSt9A8sgO3tsyXekjxG6c0Q3+XHx2lbGisv2NuIZpXikZtSoXgb/tR433g5RzSBeO1Ew==",
      "cpu": [
        "arm64"
      ],
      "dev": true,
      "license": "MIT",
      "optional": true,
      "os": [
        "linux"
      ]
    },
    "node_modules/@fallow-cli/linux-arm64-musl": {
      "version": "2.48.0",
      "resolved": "https://registry.npmjs.org/@fallow-cli/linux-arm64-musl/-/linux-arm64-musl-2.48.0.tgz",
      "integrity": "sha512-a0yVWswxalbF+SzsxL7zoDbaoDBKgk5cQWX+5sgVhj0DS6H7dvpJHZbXk52FTB58jP7g3bMTJSNa66CxdUE1CQ==",
      "cpu": [
        "arm64"
      ],
      "dev": true,
      "license": "MIT",
      "optional": true,
      "os": [
        "linux"
      ]
    },
    "node_modules/@fallow-cli/linux-x64-gnu": {
      "version": "2.48.0",
      "resolved": "https://registry.npmjs.org/@fallow-cli/linux-x64-gnu/-/linux-x64-gnu-2.48.0.tgz",
      "integrity": "sha512-OPHkwjo0ylHPUSB/Mvq7daZN7Emc5LtlD4sMENO3hBlJXV+JlWgjewxOSRgTAycz0TzsfilMkLz/zOs+jhReYw==",
      "cpu": [
        "x64"
      ],
      "dev": true,
      "license": "MIT",
      "optional": true,
      "os": [
        "linux"
      ]
    },
    "node_modules/@fallow-cli/linux-x64-musl": {
      "version": "2.48.0",
      "resolved": "https://registry.npmjs.org/@fallow-cli/linux-x64-musl/-/linux-x64-musl-2.48.0.tgz",
      "integrity": "sha512-mtlXNKMjaTxLxHaE4VVe8je133eqzs3yBY46owCqRi6GLuhMnO94fNRjrBjRjdGDCZCUyArS5UtRFK9UKc5XmQ==",
      "cpu": [
        "x64"
      ],
      "dev": true,
      "license": "MIT",
      "optional": true,
      "os": [
        "linux"
      ]
    },
    "node_modules/@fallow-cli/win32-arm64-msvc": {
      "version": "2.48.0",
      "resolved": "https://registry.npmjs.org/@fallow-cli/win32-arm64-msvc/-/win32-arm64-msvc-2.48.0.tgz",
      "integrity": "sha512-sjxyREyt5e3o6MbryFVLb9HqnHpQTi3F++iA3hx44Acl1dZHd69CQ1e+xp00iNvVKClHlySfjEP5ws2yzLlrrw==",
      "cpu": [
        "arm64"
      ],
      "dev": true,
      "license": "MIT",
      "optional": true,
      "os": [
        "win32"
      ]
    },
    "node_modules/@fallow-cli/win32-x64-msvc": {
      "version": "2.48.0",
      "resolved": "https://registry.npmjs.org/@fallow-cli/win32-x64-msvc/-/win32-x64-msvc-2.48.0.tgz",
      "integrity": "sha512-hGzDbQuaNDGS6Vxq3Iyt9QsyAA/HjHcW+v/0dxwwg41NHMBRlMCguOlybuDk35G1eFysQPmT20s+oga7QmIKzQ==",
      "cpu": [
        "x64"
      ],
      "dev": true,
      "license": "MIT",
      "optional": true,
      "os": [
        "win32"
      ]
    },
    "node_modules/detect-libc": {
      "version": "2.1.2",
      "resolved": "https://registry.npmjs.org/detect-libc/-/detect-libc-2.1.2.tgz",
      "integrity": "sha512-Btj2BOOO83o3WyH59e8MgXsxEQVcarkUOpEYrubB0urwnN10yQ364rsiByU11nZlqWYZm05i/of7io4mzihBtQ==",
      "dev": true,
      "license": "Apache-2.0",
      "engines": {
        "node": ">=8"
      }
    },
    "node_modules/fallow": {
      "version": "2.48.0",
      "resolved": "https://registry.npmjs.org/fallow/-/fallow-2.48.0.tgz",
      "integrity": "sha512-+41P1Jo4XjT+dnzvJmxjVMk8Ik6PzXZmCBYvipuwUUJzom28skZvbvafxyApGGL2c25NYiWYAGFT0P8d1DTtWg==",
      "dev": true,
      "hasInstallScript": true,
      "license": "MIT",
      "dependencies": {
        "detect-libc": "2.1.2"
      },
      "bin": {
        "fallow": "bin/fallow",
        "fallow-lsp": "bin/fallow-lsp",
        "fallow-mcp": "bin/fallow-mcp"
      },
      "engines": {
        "node": ">=16"
      },
      "optionalDependencies": {
        "@fallow-cli/darwin-arm64": "2.48.0",
        "@fallow-cli/darwin-x64": "2.48.0",
        "@fallow-cli/linux-arm64-gnu": "2.48.0",
        "@fallow-cli/linux-arm64-musl": "2.48.0",
        "@fallow-cli/linux-x64-gnu": "2.48.0",
        "@fallow-cli/linux-x64-musl": "2.48.0",
        "@fallow-cli/win32-arm64-msvc": "2.48.0",
        "@fallow-cli/win32-x64-msvc": "2.48.0"
      }
    }
  }
}
